
Microsoft Visual Studio Solution File, Format Version 12.00
# Visual Studio 15
VisualStudioVersion = 15.0.28307.136
MinimumVisualStudioVersion = 10.0.40219.1
Project("{FAE04EC0-301F-11D3-BF4B-00C04F79EFBC}") = "AppEval", "AppEval\AppEval.csproj", "{40A2185A-7F36-45FF-BA3F-1216F3901437}"
EndProject
Global
	GlobalSection(SolutionConfigurationPlatforms) = preSolution
		Debug|Any CPU = Debug|Any CPU
		Release|Any CPU = Release|Any CPU
	EndGlobalSection
	GlobalSection(ProjectConfigurationPlatforms) = postSolution
		{40A2185A-7F36-45FF-BA3F-1216F3901437}.Debug|Any CPU.ActiveCfg = Debug|Any CPU
		{40A2185A-7F36-45FF-BA3F-1216F3901437}.Debug|Any CPU.Build.0 = Debug|Any CPU
		{40A2185A-7F36-45FF-BA3F-1216F3901437}.Release|Any CPU.ActiveCfg = Release|Any CPU
		{40A2185A-7F36-45FF-BA3F-1216F3901437}.Release|Any CPU.Build.0 = Release|Any CPU
	EndGlobalSection
	GlobalSection(SolutionProperties) = preSolution
		HideSolutionNode = FALSE
	EndGlobalSection
	GlobalSection(ExtensibilityGlobals) = postSolution
		SolutionGuid = {06966044-4B97-4BC1-BAF3-54DE2737D4F8}
	EndGlobalSection
EndGlobal
